
Microsoft Visual Studio Solution File, Format Version 12.00
# Visual Studio Version 16
VisualStudioVersion = 16.0.32802.440
MinimumVisualStudioVersion = 10.0.40219.1
Project("{FAE04EC0-301F-11D3-BF4B-00C04F79EFBC}") = "AoC2021", "AoC2021\AoC2021.csproj", "{DFCAF017-C943-4F03-BB04-FA8BFE71BC4F}"
EndProject
Project("{FAE04EC0-301F-11D3-BF4B-00C04F79EFBC}") = "AoC2021Tests", "..\AoC2021Tests\AoC2021Tests\AoC2021Tests.csproj", "{3A390AF2-6733-43BC-A795-8F3A38FD0134}"
EndProject
Global
	GlobalSection(SolutionConfigurationPlatforms) = preSolution
		Debug|Any CPU = Debug|Any CPU
		Release|Any CPU = Release|Any CPU
	EndGlobalSection
	GlobalSection(ProjectConfigurationPlatforms) = postSolution
		{DFCAF017-C943-4F03-BB04-FA8BFE71BC4F}.Debug|Any CPU.ActiveCfg = Debug|Any CPU
		{DFCAF017-C943-4F03-BB04-FA8BFE71BC4F}.Debug|Any CPU.Build.0 = Debug|Any CPU
		{DFCAF017-C943-4F03-BB04-FA8BFE71BC4F}.Release|Any CPU.ActiveCfg = Release|Any CPU
		{DFCAF017-C943-4F03-BB04-FA8BFE71BC4F}.Release|Any CPU.Build.0 = Release|Any CPU
		{3A390AF2-6733-43BC-A795-8F3A38FD0134}.Debug|Any CPU.ActiveCfg = Debug|Any CPU
		{3A390AF2-6733-43BC-A795-8F3A38FD0134}.Debug|Any CPU.Build.0 = Debug|Any CPU
		{3A390AF2-6733-43BC-A795-8F3A38FD0134}.Release|Any CPU.ActiveCfg = Release|Any CPU
		{3A390AF2-6733-43BC-A795-8F3A38FD0134}.Release|Any CPU.Build.0 = Release|Any CPU
	EndGlobalSection
	GlobalSection(SolutionProperties) = preSolution
		HideSolutionNode = FALSE
	EndGlobalSection
	GlobalSection(ExtensibilityGlobals) = postSolution
		SolutionGuid = {3730289C-722C-4B0D-A64A-3E0C506590B4}
	EndGlobalSection
EndGlobal
